
Microsoft Visual Studio Solution File, Format Version 12.00
# Visual Studio Version 16
VisualStudioVersion = 16.0.30011.22
MinimumVisualStudioVersion = 10.0.40219.1
Project("{2150E333-8FDC-42A3-9474-1A3956D46DE8}") = "test", "test", "{F937693B-97C2-4ECB-A586-DDF764585E63}"
EndProject
Project("{2150E333-8FDC-42A3-9474-1A3956D46DE8}") = "src", "src", "{D86C04CF-CA5B-4466-B2D5-545B8B0F81E7}"
EndProject
Project("{9A19103F-16F7-4668-BE54-9A1E7A4F7556}") = "WebApi", "src\WebApi.csproj", "{9F912EF3-1541-4E58-97CA-94D94E3626AD}"
EndProject
Global
	GlobalSection(SolutionConfigurationPlatforms) = preSolution
		Debug|Any CPU = Debug|Any CPU
		Release|Any CPU = Release|Any CPU
	EndGlobalSection
	GlobalSection(ProjectConfigurationPlatforms) = postSolution
		{9F912EF3-1541-4E58-97CA-94D94E3626AD}.Debug|Any CPU.ActiveCfg = Debug|Any CPU
		{9F912EF3-1541-4E58-97CA-94D94E3626AD}.Debug|Any CPU.Build.0 = Debug|Any CPU
		{9F912EF3-1541-4E58-97CA-94D94E3626AD}.Release|Any CPU.ActiveCfg = Release|Any CPU
		{9F912EF3-1541-4E58-97CA-94D94E3626AD}.Release|Any CPU.Build.0 = Release|Any CPU
	EndGlobalSection
	GlobalSection(SolutionProperties) = preSolution
		HideSolutionNode = FALSE
	EndGlobalSection
	GlobalSection(NestedProjects) = preSolution
		{9F912EF3-1541-4E58-97CA-94D94E3626AD} = {D86C04CF-CA5B-4466-B2D5-545B8B0F81E7}
	EndGlobalSection
	GlobalSection(ExtensibilityGlobals) = postSolution
		SolutionGuid = {506774AC-3A54-4E19-99E6-E5731064EA30}
	EndGlobalSection
EndGlobal
